
Microsoft Visual Studio Solution File, Format Version 12.00
# Visual Studio 14
VisualStudioVersion = 14.0.25420.1
MinimumVisualStudioVersion = 10.0.40219.1
Project("{FAE04EC0-301F-11D3-BF4B-00C04F79EFBC}") = "SwapFunction", "SwapFunction\SwapFunction.csproj", "{6AA795B4-5AD3-47C6-9950-20CC15BABB85}"
EndProject
Global
	GlobalSection(SolutionConfigurationPlatforms) = preSolution
		Debug|Any CPU = Debug|Any CPU
		Release|Any CPU = Release|Any CPU
	EndGlobalSection
	GlobalSection(ProjectConfigurationPlatforms) = postSolution
		{6AA795B4-5AD3-47C6-9950-20CC15BABB85}.Debug|Any CPU.ActiveCfg = Debug|Any CPU
		{6AA795B4-5AD3-47C6-9950-20CC15BABB85}.Debug|Any CPU.Build.0 = Debug|Any CPU
		{6AA795B4-5AD3-47C6-9950-20CC15BABB85}.Release|Any CPU.ActiveCfg = Release|Any CPU
		{6AA795B4-5AD3-47C6-9950-20CC15BABB85}.Release|Any CPU.Build.0 = Release|Any CPU
	EndGlobalSection
	GlobalSection(SolutionProperties) = preSolution
		HideSolutionNode = FALSE
	EndGlobalSection
EndGlobal
