
Microsoft Visual Studio Solution File, Format Version 12.00
# Visual Studio 14
VisualStudioVersion = 14.0.25420.1
MinimumVisualStudioVersion = 10.0.40219.1
Project("{FAE04EC0-301F-11D3-BF4B-00C04F79EFBC}") = "Quiz6_2(1)", "Quiz6_2\Quiz6_2(1).csproj", "{872A9E09-7FB2-4604-A8EF-7FC19D87A326}"
EndProject
Global
	GlobalSection(SolutionConfigurationPlatforms) = preSolution
		Debug|Any CPU = Debug|Any CPU
		Release|Any CPU = Release|Any CPU
	EndGlobalSection
	GlobalSection(ProjectConfigurationPlatforms) = postSolution
		{872A9E09-7FB2-4604-A8EF-7FC19D87A326}.Debug|Any CPU.ActiveCfg = Debug|Any CPU
		{872A9E09-7FB2-4604-A8EF-7FC19D87A326}.Debug|Any CPU.Build.0 = Debug|Any CPU
		{872A9E09-7FB2-4604-A8EF-7FC19D87A326}.Release|Any CPU.ActiveCfg = Release|Any CPU
		{872A9E09-7FB2-4604-A8EF-7FC19D87A326}.Release|Any CPU.Build.0 = Release|Any CPU
	EndGlobalSection
	GlobalSection(SolutionProperties) = preSolution
		HideSolutionNode = FALSE
	EndGlobalSection
EndGlobal
